dependencies:
- name: helm-library
  repository: file://charts/helm-library
  version: 0.1.0
- name: postgres
  repository: file://charts/postgres
  version: 0.1.0
- name: clickhouse
  repository: file://charts/clickhouse
  version: 0.1.0
- name: redis
  repository: file://charts/redis
  version: 0.1.0
- name: keycloak
  repository: file://charts/keycloak
  version: 0.1.0
- name: kafka
  repository: file://charts/kafka
  version: 0.1.0
- name: currency-management
  repository: file://charts/currency-management
  version: 0.1.0
- name: user-management
  repository: file://charts/user-management
  version: 0.1.0
- name: account-management
  repository: file://charts/account-management
  version: 0.1.0
- name: budget-management
  repository: file://charts/budget-management
  version: 0.1.0
- name: transaction-management
  repository: file://charts/transaction-management
  version: 0.1.0
- name: analytics
  repository: file://charts/analytics
  version: 0.1.0
- name: krakend
  repository: file://charts/krakend
  version: 0.1.0
- name: nginx
  repository: file://charts/nginx
  version: 0.1.0
- name: frontend
  repository: file://charts/frontend
  version: 0.1.0
digest: sha256:094dfc79788bf9aa73b7385b0d2eacfe8640b4a2efb01012500cc372b9af1dfd
generated: "2025-09-14T11:54:02.9124195+02:00"
