dependencies:
- name: helm-library
  repository: file://charts/helm-library
  version: 0.1.0
- name: postgres
  repository: file://charts/postgres
  version: 0.1.0
- name: clickhouse
  repository: file://charts/clickhouse
  version: 0.1.0
- name: redis
  repository: file://charts/redis
  version: 0.1.0
- name: keycloak
  repository: file://charts/keycloak
  version: 0.1.0
- name: kafka
  repository: file://charts/kafka
  version: 0.1.0
- name: currency-management
  repository: file://charts/currency-management
  version: 0.1.0
- name: user-management
  repository: file://charts/user-management
  version: 0.1.0
- name: account-management
  repository: file://charts/account-management
  version: 0.1.0
- name: budget-management
  repository: file://charts/budget-management
  version: 0.1.0
- name: transaction-management
  repository: file://charts/transaction-management
  version: 0.1.0
- name: analytics
  repository: file://charts/analytics
  version: 0.1.0
- name: krakend
  repository: file://charts/krakend
  version: 0.1.0
- name: frontend
  repository: file://charts/frontend
  version: 0.1.0
digest: sha256:80aed60e5e5f50f4ab90b6bddc37393a3edba1e62ffb4bdc0d614a85c142ecaf
generated: "2025-10-28T18:02:28.428867+01:00"
