dependencies:
- name: postgresql
  repository: https://charts.bitnami.com/bitnami
  version: 16.7.27
- name: helm-library
  repository: file://../helm-library
  version: 0.1.0
digest: sha256:42d6e8c0e911d8f29f969cd09f553433da4a60f88ea7629c68a4630f47bc93e2
generated: "2025-09-07T14:42:52.0574101+02:00"
